
Microsoft Visual Studio Solution File, Format Version 12.00
# Visual Studio Version 17
VisualStudioVersion = 17.5.33530.505
MinimumVisualStudioVersion = 10.0.40219.1
Project("{9A19103F-16F7-4668-BE54-9A1E7A4F7556}") = "ShadowViewer", "ShadowViewer\ShadowViewer.csproj", "{4F92FB1F-2A83-4125-8B87-FBB96A0858B6}"
	ProjectSection(ProjectDependencies) = postProject
		{3544E882-806F-4237-8C06-8216FDCAABD5} = {3544E882-806F-4237-8C06-8216FDCAABD5}
	EndProjectSection
EndProject
Project("{9A19103F-16F7-4668-BE54-9A1E7A4F7556}") = "ShadowViewer.Plugin.Bika", "..\ShadowViewer.Plugin.Bika\ShadowViewer.Plugin.Bika\ShadowViewer.Plugin.Bika.csproj", "{3544E882-806F-4237-8C06-8216FDCAABD5}"
EndProject
Project("{9A19103F-16F7-4668-BE54-9A1E7A4F7556}") = "ShadowViewer.Core", "..\ShadowViewer.Core\ShadowViewer.Core\ShadowViewer.Core.csproj", "{E13F5AFD-1AE7-4161-8FAB-FAC2F3B81207}"
EndProject
Project("{9A19103F-16F7-4668-BE54-9A1E7A4F7556}") = "ShadowViewer.Plugin.Core", "ShadowViewer.Plugin.Core\ShadowViewer.Plugin.Core.csproj", "{9A4272D2-1C9F-4AFA-BE5C-57CBFA86F785}"
EndProject
Global
	GlobalSection(SolutionConfigurationPlatforms) = preSolution
		Debug|Any CPU = Debug|Any CPU
		Debug|ARM64 = Debug|ARM64
		Debug|x64 = Debug|x64
		Debug|x86 = Debug|x86
		Release|Any CPU = Release|Any CPU
		Release|ARM64 = Release|ARM64
		Release|x64 = Release|x64
		Release|x86 = Release|x86
	EndGlobalSection
	GlobalSection(ProjectConfigurationPlatforms) = postSolution
		{4F92FB1F-2A83-4125-8B87-FBB96A0858B6}.Debug|Any CPU.ActiveCfg = Debug|x64
		{4F92FB1F-2A83-4125-8B87-FBB96A0858B6}.Debug|Any CPU.Build.0 = Debug|x64
		{4F92FB1F-2A83-4125-8B87-FBB96A0858B6}.Debug|Any CPU.Deploy.0 = Debug|x64
		{4F92FB1F-2A83-4125-8B87-FBB96A0858B6}.Debug|ARM64.ActiveCfg = Debug|ARM64
		{4F92FB1F-2A83-4125-8B87-FBB96A0858B6}.Debug|ARM64.Build.0 = Debug|ARM64
		{4F92FB1F-2A83-4125-8B87-FBB96A0858B6}.Debug|ARM64.Deploy.0 = Debug|ARM64
		{4F92FB1F-2A83-4125-8B87-FBB96A0858B6}.Debug|x64.ActiveCfg = Debug|x64
		{4F92FB1F-2A83-4125-8B87-FBB96A0858B6}.Debug|x64.Build.0 = Debug|x64
		{4F92FB1F-2A83-4125-8B87-FBB96A0858B6}.Debug|x64.Deploy.0 = Debug|x64
		{4F92FB1F-2A83-4125-8B87-FBB96A0858B6}.Debug|x86.ActiveCfg = Debug|x86
		{4F92FB1F-2A83-4125-8B87-FBB96A0858B6}.Debug|x86.Build.0 = Debug|x86
		{4F92FB1F-2A83-4125-8B87-FBB96A0858B6}.Debug|x86.Deploy.0 = Debug|x86
		{4F92FB1F-2A83-4125-8B87-FBB96A0858B6}.Release|Any CPU.ActiveCfg = Release|x64
		{4F92FB1F-2A83-4125-8B87-FBB96A0858B6}.Release|Any CPU.Build.0 = Release|x64
		{4F92FB1F-2A83-4125-8B87-FBB96A0858B6}.Release|Any CPU.Deploy.0 = Release|x64
		{4F92FB1F-2A83-4125-8B87-FBB96A0858B6}.Release|ARM64.ActiveCfg = Release|ARM64
		{4F92FB1F-2A83-4125-8B87-FBB96A0858B6}.Release|ARM64.Build.0 = Release|ARM64
		{4F92FB1F-2A83-4125-8B87-FBB96A0858B6}.Release|ARM64.Deploy.0 = Release|ARM64
		{4F92FB1F-2A83-4125-8B87-FBB96A0858B6}.Release|x64.ActiveCfg = Release|x64
		{4F92FB1F-2A83-4125-8B87-FBB96A0858B6}.Release|x64.Build.0 = Release|x64
		{4F92FB1F-2A83-4125-8B87-FBB96A0858B6}.Release|x64.Deploy.0 = Release|x64
		{4F92FB1F-2A83-4125-8B87-FBB96A0858B6}.Release|x86.ActiveCfg = Release|x86
		{4F92FB1F-2A83-4125-8B87-FBB96A0858B6}.Release|x86.Build.0 = Release|x86
		{4F92FB1F-2A83-4125-8B87-FBB96A0858B6}.Release|x86.Deploy.0 = Release|x86
		{3544E882-806F-4237-8C06-8216FDCAABD5}.Debug|Any CPU.ActiveCfg = Debug|Any CPU
		{3544E882-806F-4237-8C06-8216FDCAABD5}.Debug|Any CPU.Build.0 = Debug|Any CPU
		{3544E882-806F-4237-8C06-8216FDCAABD5}.Debug|ARM64.ActiveCfg = Debug|Any CPU
		{3544E882-806F-4237-8C06-8216FDCAABD5}.Debug|ARM64.Build.0 = Debug|Any CPU
		{3544E882-806F-4237-8C06-8216FDCAABD5}.Debug|x64.ActiveCfg = Debug|Any CPU
		{3544E882-806F-4237-8C06-8216FDCAABD5}.Debug|x64.Build.0 = Debug|Any CPU
		{3544E882-806F-4237-8C06-8216FDCAABD5}.Debug|x86.ActiveCfg = Debug|Any CPU
		{3544E882-806F-4237-8C06-8216FDCAABD5}.Debug|x86.Build.0 = Debug|Any CPU
		{3544E882-806F-4237-8C06-8216FDCAABD5}.Release|Any CPU.ActiveCfg = Release|Any CPU
		{3544E882-806F-4237-8C06-8216FDCAABD5}.Release|Any CPU.Build.0 = Release|Any CPU
		{3544E882-806F-4237-8C06-8216FDCAABD5}.Release|ARM64.ActiveCfg = Release|Any CPU
		{3544E882-806F-4237-8C06-8216FDCAABD5}.Release|ARM64.Build.0 = Release|Any CPU
		{3544E882-806F-4237-8C06-8216FDCAABD5}.Release|x64.ActiveCfg = Release|Any CPU
		{3544E882-806F-4237-8C06-8216FDCAABD5}.Release|x64.Build.0 = Release|Any CPU
		{3544E882-806F-4237-8C06-8216FDCAABD5}.Release|x86.ActiveCfg = Release|Any CPU
		{3544E882-806F-4237-8C06-8216FDCAABD5}.Release|x86.Build.0 = Release|Any CPU
		{E13F5AFD-1AE7-4161-8FAB-FAC2F3B81207}.Debug|Any CPU.ActiveCfg = Debug|Any CPU
		{E13F5AFD-1AE7-4161-8FAB-FAC2F3B81207}.Debug|Any CPU.Build.0 = Debug|Any CPU
		{E13F5AFD-1AE7-4161-8FAB-FAC2F3B81207}.Debug|ARM64.ActiveCfg = Debug|Any CPU
		{E13F5AFD-1AE7-4161-8FAB-FAC2F3B81207}.Debug|ARM64.Build.0 = Debug|Any CPU
		{E13F5AFD-1AE7-4161-8FAB-FAC2F3B81207}.Debug|x64.ActiveCfg = Debug|Any CPU
		{E13F5AFD-1AE7-4161-8FAB-FAC2F3B81207}.Debug|x64.Build.0 = Debug|Any CPU
		{E13F5AFD-1AE7-4161-8FAB-FAC2F3B81207}.Debug|x86.ActiveCfg = Debug|Any CPU
		{E13F5AFD-1AE7-4161-8FAB-FAC2F3B81207}.Debug|x86.Build.0 = Debug|Any CPU
		{E13F5AFD-1AE7-4161-8FAB-FAC2F3B81207}.Release|Any CPU.ActiveCfg = Release|Any CPU
		{E13F5AFD-1AE7-4161-8FAB-FAC2F3B81207}.Release|Any CPU.Build.0 = Release|Any CPU
		{E13F5AFD-1AE7-4161-8FAB-FAC2F3B81207}.Release|ARM64.ActiveCfg = Release|Any CPU
		{E13F5AFD-1AE7-4161-8FAB-FAC2F3B81207}.Release|ARM64.Build.0 = Release|Any CPU
		{E13F5AFD-1AE7-4161-8FAB-FAC2F3B81207}.Release|x64.ActiveCfg = Release|Any CPU
		{E13F5AFD-1AE7-4161-8FAB-FAC2F3B81207}.Release|x64.Build.0 = Release|Any CPU
		{E13F5AFD-1AE7-4161-8FAB-FAC2F3B81207}.Release|x86.ActiveCfg = Release|Any CPU
		{E13F5AFD-1AE7-4161-8FAB-FAC2F3B81207}.Release|x86.Build.0 = Release|Any CPU
		{9A4272D2-1C9F-4AFA-BE5C-57CBFA86F785}.Debug|Any CPU.ActiveCfg = Debug|Any CPU
		{9A4272D2-1C9F-4AFA-BE5C-57CBFA86F785}.Debug|Any CPU.Build.0 = Debug|Any CPU
		{9A4272D2-1C9F-4AFA-BE5C-57CBFA86F785}.Debug|ARM64.ActiveCfg = Debug|Any CPU
		{9A4272D2-1C9F-4AFA-BE5C-57CBFA86F785}.Debug|ARM64.Build.0 = Debug|Any CPU
		{9A4272D2-1C9F-4AFA-BE5C-57CBFA86F785}.Debug|x64.ActiveCfg = Debug|Any CPU
		{9A4272D2-1C9F-4AFA-BE5C-57CBFA86F785}.Debug|x64.Build.0 = Debug|Any CPU
		{9A4272D2-1C9F-4AFA-BE5C-57CBFA86F785}.Debug|x86.ActiveCfg = Debug|Any CPU
		{9A4272D2-1C9F-4AFA-BE5C-57CBFA86F785}.Debug|x86.Build.0 = Debug|Any CPU
		{9A4272D2-1C9F-4AFA-BE5C-57CBFA86F785}.Release|Any CPU.ActiveCfg = Release|Any CPU
		{9A4272D2-1C9F-4AFA-BE5C-57CBFA86F785}.Release|Any CPU.Build.0 = Release|Any CPU
		{9A4272D2-1C9F-4AFA-BE5C-57CBFA86F785}.Release|ARM64.ActiveCfg = Release|Any CPU
		{9A4272D2-1C9F-4AFA-BE5C-57CBFA86F785}.Release|ARM64.Build.0 = Release|Any CPU
		{9A4272D2-1C9F-4AFA-BE5C-57CBFA86F785}.Release|x64.ActiveCfg = Release|Any CPU
		{9A4272D2-1C9F-4AFA-BE5C-57CBFA86F785}.Release|x64.Build.0 = Release|Any CPU
		{9A4272D2-1C9F-4AFA-BE5C-57CBFA86F785}.Release|x86.ActiveCfg = Release|Any CPU
		{9A4272D2-1C9F-4AFA-BE5C-57CBFA86F785}.Release|x86.Build.0 = Release|Any CPU
	EndGlobalSection
	GlobalSection(SolutionProperties) = preSolution
		HideSolutionNode = FALSE
	EndGlobalSection
	GlobalSection(ExtensibilityGlobals) = postSolution
		SolutionGuid = {50554BB2-8100-4CF3-88EE-BA311DA9594A}
	EndGlobalSection
EndGlobal
