
Microsoft Visual Studio Solution File, Format Version 12.00
# Visual Studio Version 17
VisualStudioVersion = 17.5.33530.505
MinimumVisualStudioVersion = 10.0.40219.1
Project("{9A19103F-16F7-4668-BE54-9A1E7A4F7556}") = "ShadowViewer", "ShadowViewer\ShadowViewer.csproj", "{4F92FB1F-2A83-4125-8B87-FBB96A0858B6}"
EndProject
Project("{9A19103F-16F7-4668-BE54-9A1E7A4F7556}") = "ShadowViewer.Plugin.Bika", "..\ShadowViewer.Plugin.Bika\ShadowViewer.Plugin.Bika\ShadowViewer.Plugin.Bika.csproj", "{3544E882-806F-4237-8C06-8216FDCAABD5}"
EndProject
Project("{9A19103F-16F7-4668-BE54-9A1E7A4F7556}") = "ShadowViewer.Analyzer", "ShadowViewer.Analyzer\ShadowViewer.Analyzer\ShadowViewer.Analyzer.csproj", "{BA45F71F-1DBE-4400-B1DD-DE5294E78349}"
EndProject
Project("{9A19103F-16F7-4668-BE54-9A1E7A4F7556}") = "ShadowViewer.Controls.TitleBar", "ShadowViewer.Controls\ShadowViewer.Controls.TitleBar\ShadowViewer.Controls.TitleBar.csproj", "{237B48C9-C9D1-442C-AAD7-1D9915686E27}"
EndProject
Project("{9A19103F-16F7-4668-BE54-9A1E7A4F7556}") = "ShadowViewer.Core", "ShadowViewer.Core\ShadowViewer.Core\ShadowViewer.Core.csproj", "{EDB61AA4-B60C-4464-812E-7CFBDE8C588F}"
EndProject
Project("{9A19103F-16F7-4668-BE54-9A1E7A4F7556}") = "ShadowViewer.Plugin.Local", "ShadowViewer.Plugin.Local\ShadowViewer.Plugin.Local\ShadowViewer.Plugin.Local.csproj", "{9862CB95-AAF0-4360-A10C-B5ED92E81C4F}"
EndProject
Project("{9A19103F-16F7-4668-BE54-9A1E7A4F7556}") = "ShadowViewer.Plugin.PluginManager", "ShadowViewer.Plugin.PluginManager\ShadowViewer.Plugin.PluginManager.csproj", "{F5ABEF04-FB85-4C0E-8E99-B4565D977E46}"
EndProject
Project("{2150E333-8FDC-42A3-9474-1A3956D46DE8}") = "Controls", "Controls", "{6D06848F-89FF-4030-BEEE-3AE0EB85DC22}"
EndProject
Project("{9A19103F-16F7-4668-BE54-9A1E7A4F7556}") = "ShadowViewer.Controls.Notification", "ShadowViewer.Controls\ShadowViewer.Controls.Notification\ShadowViewer.Controls.Notification.csproj", "{145947B0-E1D3-49A0-AFAE-3CE418B0FC67}"
EndProject
Project("{9A19103F-16F7-4668-BE54-9A1E7A4F7556}") = "ShadowViewer.Controls.TitleBorder", "ShadowViewer.Controls\ShadowViewer.Controls.TitleBorder\ShadowViewer.Controls.TitleBorder.csproj", "{1F4A4C0C-C41F-449A-B47B-BF1A5ED4D7CD}"
EndProject
Project("{2150E333-8FDC-42A3-9474-1A3956D46DE8}") = "Plugins", "Plugins", "{8106056D-3642-4C93-8A13-4EFE0B093AA0}"
EndProject
Project("{9A19103F-16F7-4668-BE54-9A1E7A4F7556}") = "ShadowViewer.Controls.PluginLogo", "ShadowViewer.Controls\ShadowViewer.Controls.PluginLogo\ShadowViewer.Controls.PluginLogo.csproj", "{07F04295-975D-4CC8-BA6B-73EFAD49FE40}"
EndProject
Project("{9A19103F-16F7-4668-BE54-9A1E7A4F7556}") = "Test", "ShadowViewer.Controls\Test\Test.csproj", "{EDF8472E-5E9E-4D89-8CC2-81CEFBD2D53B}"
EndProject
Project("{9A19103F-16F7-4668-BE54-9A1E7A4F7556}") = "ShadowViewer.Controls.ShadowSettingHeader", "ShadowViewer.Controls\ShadowViewer.Controls.ShadowSettingHeader\ShadowViewer.Controls.ShadowSettingHeader.csproj", "{F6E2D4AC-272D-4227-A7E7-EE0B334925A1}"
EndProject
Project("{2150E333-8FDC-42A3-9474-1A3956D46DE8}") = "Core", "Core", "{EAE9742A-82CC-4341-8C09-CD621774D64B}"
EndProject
Project("{9A19103F-16F7-4668-BE54-9A1E7A4F7556}") = "ShadowViewer.Plugin.Example", "ShadowViewer.Plugin.Example\ShadowViewer.Plugin.Example\ShadowViewer.Plugin.Example.csproj", "{D65CE14D-3982-4B9F-BA88-7FC650B63833}"
EndProject
Global
	GlobalSection(SolutionConfigurationPlatforms) = preSolution
		Debug|Any CPU = Debug|Any CPU
		Debug|ARM64 = Debug|ARM64
		Debug|x64 = Debug|x64
		Debug|x86 = Debug|x86
		Release|Any CPU = Release|Any CPU
		Release|ARM64 = Release|ARM64
		Release|x64 = Release|x64
		Release|x86 = Release|x86
	EndGlobalSection
	GlobalSection(ProjectConfigurationPlatforms) = postSolution
		{4F92FB1F-2A83-4125-8B87-FBB96A0858B6}.Debug|Any CPU.ActiveCfg = Debug|x64
		{4F92FB1F-2A83-4125-8B87-FBB96A0858B6}.Debug|Any CPU.Build.0 = Debug|x64
		{4F92FB1F-2A83-4125-8B87-FBB96A0858B6}.Debug|Any CPU.Deploy.0 = Debug|x64
		{4F92FB1F-2A83-4125-8B87-FBB96A0858B6}.Debug|ARM64.ActiveCfg = Debug|ARM64
		{4F92FB1F-2A83-4125-8B87-FBB96A0858B6}.Debug|ARM64.Build.0 = Debug|ARM64
		{4F92FB1F-2A83-4125-8B87-FBB96A0858B6}.Debug|ARM64.Deploy.0 = Debug|ARM64
		{4F92FB1F-2A83-4125-8B87-FBB96A0858B6}.Debug|x64.ActiveCfg = Debug|x64
		{4F92FB1F-2A83-4125-8B87-FBB96A0858B6}.Debug|x64.Build.0 = Debug|x64
		{4F92FB1F-2A83-4125-8B87-FBB96A0858B6}.Debug|x64.Deploy.0 = Debug|x64
		{4F92FB1F-2A83-4125-8B87-FBB96A0858B6}.Debug|x86.ActiveCfg = Debug|x86
		{4F92FB1F-2A83-4125-8B87-FBB96A0858B6}.Debug|x86.Build.0 = Debug|x86
		{4F92FB1F-2A83-4125-8B87-FBB96A0858B6}.Debug|x86.Deploy.0 = Debug|x86
		{4F92FB1F-2A83-4125-8B87-FBB96A0858B6}.Release|Any CPU.ActiveCfg = Release|x64
		{4F92FB1F-2A83-4125-8B87-FBB96A0858B6}.Release|Any CPU.Build.0 = Release|x64
		{4F92FB1F-2A83-4125-8B87-FBB96A0858B6}.Release|Any CPU.Deploy.0 = Release|x64
		{4F92FB1F-2A83-4125-8B87-FBB96A0858B6}.Release|ARM64.ActiveCfg = Release|ARM64
		{4F92FB1F-2A83-4125-8B87-FBB96A0858B6}.Release|ARM64.Build.0 = Release|ARM64
		{4F92FB1F-2A83-4125-8B87-FBB96A0858B6}.Release|ARM64.Deploy.0 = Release|ARM64
		{4F92FB1F-2A83-4125-8B87-FBB96A0858B6}.Release|x64.ActiveCfg = Release|x64
		{4F92FB1F-2A83-4125-8B87-FBB96A0858B6}.Release|x64.Build.0 = Release|x64
		{4F92FB1F-2A83-4125-8B87-FBB96A0858B6}.Release|x64.Deploy.0 = Release|x64
		{4F92FB1F-2A83-4125-8B87-FBB96A0858B6}.Release|x86.ActiveCfg = Release|x86
		{4F92FB1F-2A83-4125-8B87-FBB96A0858B6}.Release|x86.Build.0 = Release|x86
		{4F92FB1F-2A83-4125-8B87-FBB96A0858B6}.Release|x86.Deploy.0 = Release|x86
		{3544E882-806F-4237-8C06-8216FDCAABD5}.Debug|Any CPU.ActiveCfg = Debug|Any CPU
		{3544E882-806F-4237-8C06-8216FDCAABD5}.Debug|Any CPU.Build.0 = Debug|Any CPU
		{3544E882-806F-4237-8C06-8216FDCAABD5}.Debug|ARM64.ActiveCfg = Debug|Any CPU
		{3544E882-806F-4237-8C06-8216FDCAABD5}.Debug|ARM64.Build.0 = Debug|Any CPU
		{3544E882-806F-4237-8C06-8216FDCAABD5}.Debug|x64.ActiveCfg = Debug|Any CPU
		{3544E882-806F-4237-8C06-8216FDCAABD5}.Debug|x64.Build.0 = Debug|Any CPU
		{3544E882-806F-4237-8C06-8216FDCAABD5}.Debug|x86.ActiveCfg = Debug|Any CPU
		{3544E882-806F-4237-8C06-8216FDCAABD5}.Debug|x86.Build.0 = Debug|Any CPU
		{3544E882-806F-4237-8C06-8216FDCAABD5}.Release|Any CPU.ActiveCfg = Release|Any CPU
		{3544E882-806F-4237-8C06-8216FDCAABD5}.Release|Any CPU.Build.0 = Release|Any CPU
		{3544E882-806F-4237-8C06-8216FDCAABD5}.Release|ARM64.ActiveCfg = Release|Any CPU
		{3544E882-806F-4237-8C06-8216FDCAABD5}.Release|ARM64.Build.0 = Release|Any CPU
		{3544E882-806F-4237-8C06-8216FDCAABD5}.Release|x64.ActiveCfg = Release|Any CPU
		{3544E882-806F-4237-8C06-8216FDCAABD5}.Release|x64.Build.0 = Release|Any CPU
		{3544E882-806F-4237-8C06-8216FDCAABD5}.Release|x86.ActiveCfg = Release|Any CPU
		{3544E882-806F-4237-8C06-8216FDCAABD5}.Release|x86.Build.0 = Release|Any CPU
		{BA45F71F-1DBE-4400-B1DD-DE5294E78349}.Debug|Any CPU.ActiveCfg = Debug|Any CPU
		{BA45F71F-1DBE-4400-B1DD-DE5294E78349}.Debug|Any CPU.Build.0 = Debug|Any CPU
		{BA45F71F-1DBE-4400-B1DD-DE5294E78349}.Debug|ARM64.ActiveCfg = Debug|Any CPU
		{BA45F71F-1DBE-4400-B1DD-DE5294E78349}.Debug|ARM64.Build.0 = Debug|Any CPU
		{BA45F71F-1DBE-4400-B1DD-DE5294E78349}.Debug|x64.ActiveCfg = Debug|Any CPU
		{BA45F71F-1DBE-4400-B1DD-DE5294E78349}.Debug|x64.Build.0 = Debug|Any CPU
		{BA45F71F-1DBE-4400-B1DD-DE5294E78349}.Debug|x86.ActiveCfg = Debug|Any CPU
		{BA45F71F-1DBE-4400-B1DD-DE5294E78349}.Debug|x86.Build.0 = Debug|Any CPU
		{BA45F71F-1DBE-4400-B1DD-DE5294E78349}.Release|Any CPU.ActiveCfg = Release|Any CPU
		{BA45F71F-1DBE-4400-B1DD-DE5294E78349}.Release|Any CPU.Build.0 = Release|Any CPU
		{BA45F71F-1DBE-4400-B1DD-DE5294E78349}.Release|ARM64.ActiveCfg = Release|Any CPU
		{BA45F71F-1DBE-4400-B1DD-DE5294E78349}.Release|ARM64.Build.0 = Release|Any CPU
		{BA45F71F-1DBE-4400-B1DD-DE5294E78349}.Release|x64.ActiveCfg = Release|Any CPU
		{BA45F71F-1DBE-4400-B1DD-DE5294E78349}.Release|x64.Build.0 = Release|Any CPU
		{BA45F71F-1DBE-4400-B1DD-DE5294E78349}.Release|x86.ActiveCfg = Release|Any CPU
		{BA45F71F-1DBE-4400-B1DD-DE5294E78349}.Release|x86.Build.0 = Release|Any CPU
		{237B48C9-C9D1-442C-AAD7-1D9915686E27}.Debug|Any CPU.ActiveCfg = Debug|Any CPU
		{237B48C9-C9D1-442C-AAD7-1D9915686E27}.Debug|Any CPU.Build.0 = Debug|Any CPU
		{237B48C9-C9D1-442C-AAD7-1D9915686E27}.Debug|ARM64.ActiveCfg = Debug|Any CPU
		{237B48C9-C9D1-442C-AAD7-1D9915686E27}.Debug|ARM64.Build.0 = Debug|Any CPU
		{237B48C9-C9D1-442C-AAD7-1D9915686E27}.Debug|x64.ActiveCfg = Debug|Any CPU
		{237B48C9-C9D1-442C-AAD7-1D9915686E27}.Debug|x64.Build.0 = Debug|Any CPU
		{237B48C9-C9D1-442C-AAD7-1D9915686E27}.Debug|x86.ActiveCfg = Debug|Any CPU
		{237B48C9-C9D1-442C-AAD7-1D9915686E27}.Debug|x86.Build.0 = Debug|Any CPU
		{237B48C9-C9D1-442C-AAD7-1D9915686E27}.Release|Any CPU.ActiveCfg = Release|Any CPU
		{237B48C9-C9D1-442C-AAD7-1D9915686E27}.Release|Any CPU.Build.0 = Release|Any CPU
		{237B48C9-C9D1-442C-AAD7-1D9915686E27}.Release|ARM64.ActiveCfg = Release|Any CPU
		{237B48C9-C9D1-442C-AAD7-1D9915686E27}.Release|ARM64.Build.0 = Release|Any CPU
		{237B48C9-C9D1-442C-AAD7-1D9915686E27}.Release|x64.ActiveCfg = Release|Any CPU
		{237B48C9-C9D1-442C-AAD7-1D9915686E27}.Release|x64.Build.0 = Release|Any CPU
		{237B48C9-C9D1-442C-AAD7-1D9915686E27}.Release|x86.ActiveCfg = Release|Any CPU
		{237B48C9-C9D1-442C-AAD7-1D9915686E27}.Release|x86.Build.0 = Release|Any CPU
		{EDB61AA4-B60C-4464-812E-7CFBDE8C588F}.Debug|Any CPU.ActiveCfg = Debug|Any CPU
		{EDB61AA4-B60C-4464-812E-7CFBDE8C588F}.Debug|Any CPU.Build.0 = Debug|Any CPU
		{EDB61AA4-B60C-4464-812E-7CFBDE8C588F}.Debug|ARM64.ActiveCfg = Debug|Any CPU
		{EDB61AA4-B60C-4464-812E-7CFBDE8C588F}.Debug|ARM64.Build.0 = Debug|Any CPU
		{EDB61AA4-B60C-4464-812E-7CFBDE8C588F}.Debug|x64.ActiveCfg = Debug|Any CPU
		{EDB61AA4-B60C-4464-812E-7CFBDE8C588F}.Debug|x64.Build.0 = Debug|Any CPU
		{EDB61AA4-B60C-4464-812E-7CFBDE8C588F}.Debug|x86.ActiveCfg = Debug|Any CPU
		{EDB61AA4-B60C-4464-812E-7CFBDE8C588F}.Debug|x86.Build.0 = Debug|Any CPU
		{EDB61AA4-B60C-4464-812E-7CFBDE8C588F}.Release|Any CPU.ActiveCfg = Release|Any CPU
		{EDB61AA4-B60C-4464-812E-7CFBDE8C588F}.Release|Any CPU.Build.0 = Release|Any CPU
		{EDB61AA4-B60C-4464-812E-7CFBDE8C588F}.Release|ARM64.ActiveCfg = Release|Any CPU
		{EDB61AA4-B60C-4464-812E-7CFBDE8C588F}.Release|ARM64.Build.0 = Release|Any CPU
		{EDB61AA4-B60C-4464-812E-7CFBDE8C588F}.Release|x64.ActiveCfg = Release|Any CPU
		{EDB61AA4-B60C-4464-812E-7CFBDE8C588F}.Release|x64.Build.0 = Release|Any CPU
		{EDB61AA4-B60C-4464-812E-7CFBDE8C588F}.Release|x86.ActiveCfg = Release|Any CPU
		{EDB61AA4-B60C-4464-812E-7CFBDE8C588F}.Release|x86.Build.0 = Release|Any CPU
		{9862CB95-AAF0-4360-A10C-B5ED92E81C4F}.Debug|Any CPU.ActiveCfg = Debug|Any CPU
		{9862CB95-AAF0-4360-A10C-B5ED92E81C4F}.Debug|Any CPU.Build.0 = Debug|Any CPU
		{9862CB95-AAF0-4360-A10C-B5ED92E81C4F}.Debug|ARM64.ActiveCfg = Debug|Any CPU
		{9862CB95-AAF0-4360-A10C-B5ED92E81C4F}.Debug|ARM64.Build.0 = Debug|Any CPU
		{9862CB95-AAF0-4360-A10C-B5ED92E81C4F}.Debug|x64.ActiveCfg = Debug|Any CPU
		{9862CB95-AAF0-4360-A10C-B5ED92E81C4F}.Debug|x64.Build.0 = Debug|Any CPU
		{9862CB95-AAF0-4360-A10C-B5ED92E81C4F}.Debug|x86.ActiveCfg = Debug|Any CPU
		{9862CB95-AAF0-4360-A10C-B5ED92E81C4F}.Debug|x86.Build.0 = Debug|Any CPU
		{9862CB95-AAF0-4360-A10C-B5ED92E81C4F}.Release|Any CPU.ActiveCfg = Release|Any CPU
		{9862CB95-AAF0-4360-A10C-B5ED92E81C4F}.Release|Any CPU.Build.0 = Release|Any CPU
		{9862CB95-AAF0-4360-A10C-B5ED92E81C4F}.Release|ARM64.ActiveCfg = Release|Any CPU
		{9862CB95-AAF0-4360-A10C-B5ED92E81C4F}.Release|ARM64.Build.0 = Release|Any CPU
		{9862CB95-AAF0-4360-A10C-B5ED92E81C4F}.Release|x64.ActiveCfg = Release|Any CPU
		{9862CB95-AAF0-4360-A10C-B5ED92E81C4F}.Release|x64.Build.0 = Release|Any CPU
		{9862CB95-AAF0-4360-A10C-B5ED92E81C4F}.Release|x86.ActiveCfg = Release|Any CPU
		{9862CB95-AAF0-4360-A10C-B5ED92E81C4F}.Release|x86.Build.0 = Release|Any CPU
		{F5ABEF04-FB85-4C0E-8E99-B4565D977E46}.Debug|Any CPU.ActiveCfg = Debug|Any CPU
		{F5ABEF04-FB85-4C0E-8E99-B4565D977E46}.Debug|Any CPU.Build.0 = Debug|Any CPU
		{F5ABEF04-FB85-4C0E-8E99-B4565D977E46}.Debug|ARM64.ActiveCfg = Debug|Any CPU
		{F5ABEF04-FB85-4C0E-8E99-B4565D977E46}.Debug|ARM64.Build.0 = Debug|Any CPU
		{F5ABEF04-FB85-4C0E-8E99-B4565D977E46}.Debug|x64.ActiveCfg = Debug|Any CPU
		{F5ABEF04-FB85-4C0E-8E99-B4565D977E46}.Debug|x64.Build.0 = Debug|Any CPU
		{F5ABEF04-FB85-4C0E-8E99-B4565D977E46}.Debug|x86.ActiveCfg = Debug|Any CPU
		{F5ABEF04-FB85-4C0E-8E99-B4565D977E46}.Debug|x86.Build.0 = Debug|Any CPU
		{F5ABEF04-FB85-4C0E-8E99-B4565D977E46}.Release|Any CPU.ActiveCfg = Release|Any CPU
		{F5ABEF04-FB85-4C0E-8E99-B4565D977E46}.Release|Any CPU.Build.0 = Release|Any CPU
		{F5ABEF04-FB85-4C0E-8E99-B4565D977E46}.Release|ARM64.ActiveCfg = Release|Any CPU
		{F5ABEF04-FB85-4C0E-8E99-B4565D977E46}.Release|ARM64.Build.0 = Release|Any CPU
		{F5ABEF04-FB85-4C0E-8E99-B4565D977E46}.Release|x64.ActiveCfg = Release|Any CPU
		{F5ABEF04-FB85-4C0E-8E99-B4565D977E46}.Release|x64.Build.0 = Release|Any CPU
		{F5ABEF04-FB85-4C0E-8E99-B4565D977E46}.Release|x86.ActiveCfg = Release|Any CPU
		{F5ABEF04-FB85-4C0E-8E99-B4565D977E46}.Release|x86.Build.0 = Release|Any CPU
		{145947B0-E1D3-49A0-AFAE-3CE418B0FC67}.Debug|Any CPU.ActiveCfg = Debug|Any CPU
		{145947B0-E1D3-49A0-AFAE-3CE418B0FC67}.Debug|Any CPU.Build.0 = Debug|Any CPU
		{145947B0-E1D3-49A0-AFAE-3CE418B0FC67}.Debug|ARM64.ActiveCfg = Debug|Any CPU
		{145947B0-E1D3-49A0-AFAE-3CE418B0FC67}.Debug|ARM64.Build.0 = Debug|Any CPU
		{145947B0-E1D3-49A0-AFAE-3CE418B0FC67}.Debug|x64.ActiveCfg = Debug|Any CPU
		{145947B0-E1D3-49A0-AFAE-3CE418B0FC67}.Debug|x64.Build.0 = Debug|Any CPU
		{145947B0-E1D3-49A0-AFAE-3CE418B0FC67}.Debug|x86.ActiveCfg = Debug|Any CPU
		{145947B0-E1D3-49A0-AFAE-3CE418B0FC67}.Debug|x86.Build.0 = Debug|Any CPU
		{145947B0-E1D3-49A0-AFAE-3CE418B0FC67}.Release|Any CPU.ActiveCfg = Release|Any CPU
		{145947B0-E1D3-49A0-AFAE-3CE418B0FC67}.Release|Any CPU.Build.0 = Release|Any CPU
		{145947B0-E1D3-49A0-AFAE-3CE418B0FC67}.Release|ARM64.ActiveCfg = Release|Any CPU
		{145947B0-E1D3-49A0-AFAE-3CE418B0FC67}.Release|ARM64.Build.0 = Release|Any CPU
		{145947B0-E1D3-49A0-AFAE-3CE418B0FC67}.Release|x64.ActiveCfg = Release|Any CPU
		{145947B0-E1D3-49A0-AFAE-3CE418B0FC67}.Release|x64.Build.0 = Release|Any CPU
		{145947B0-E1D3-49A0-AFAE-3CE418B0FC67}.Release|x86.ActiveCfg = Release|Any CPU
		{145947B0-E1D3-49A0-AFAE-3CE418B0FC67}.Release|x86.Build.0 = Release|Any CPU
		{1F4A4C0C-C41F-449A-B47B-BF1A5ED4D7CD}.Debug|Any CPU.ActiveCfg = Debug|Any CPU
		{1F4A4C0C-C41F-449A-B47B-BF1A5ED4D7CD}.Debug|Any CPU.Build.0 = Debug|Any CPU
		{1F4A4C0C-C41F-449A-B47B-BF1A5ED4D7CD}.Debug|ARM64.ActiveCfg = Debug|Any CPU
		{1F4A4C0C-C41F-449A-B47B-BF1A5ED4D7CD}.Debug|ARM64.Build.0 = Debug|Any CPU
		{1F4A4C0C-C41F-449A-B47B-BF1A5ED4D7CD}.Debug|x64.ActiveCfg = Debug|Any CPU
		{1F4A4C0C-C41F-449A-B47B-BF1A5ED4D7CD}.Debug|x64.Build.0 = Debug|Any CPU
		{1F4A4C0C-C41F-449A-B47B-BF1A5ED4D7CD}.Debug|x86.ActiveCfg = Debug|Any CPU
		{1F4A4C0C-C41F-449A-B47B-BF1A5ED4D7CD}.Debug|x86.Build.0 = Debug|Any CPU
		{1F4A4C0C-C41F-449A-B47B-BF1A5ED4D7CD}.Release|Any CPU.ActiveCfg = Release|Any CPU
		{1F4A4C0C-C41F-449A-B47B-BF1A5ED4D7CD}.Release|Any CPU.Build.0 = Release|Any CPU
		{1F4A4C0C-C41F-449A-B47B-BF1A5ED4D7CD}.Release|ARM64.ActiveCfg = Release|Any CPU
		{1F4A4C0C-C41F-449A-B47B-BF1A5ED4D7CD}.Release|ARM64.Build.0 = Release|Any CPU
		{1F4A4C0C-C41F-449A-B47B-BF1A5ED4D7CD}.Release|x64.ActiveCfg = Release|Any CPU
		{1F4A4C0C-C41F-449A-B47B-BF1A5ED4D7CD}.Release|x64.Build.0 = Release|Any CPU
		{1F4A4C0C-C41F-449A-B47B-BF1A5ED4D7CD}.Release|x86.ActiveCfg = Release|Any CPU
		{1F4A4C0C-C41F-449A-B47B-BF1A5ED4D7CD}.Release|x86.Build.0 = Release|Any CPU
		{07F04295-975D-4CC8-BA6B-73EFAD49FE40}.Debug|Any CPU.ActiveCfg = Debug|Any CPU
		{07F04295-975D-4CC8-BA6B-73EFAD49FE40}.Debug|Any CPU.Build.0 = Debug|Any CPU
		{07F04295-975D-4CC8-BA6B-73EFAD49FE40}.Debug|ARM64.ActiveCfg = Debug|Any CPU
		{07F04295-975D-4CC8-BA6B-73EFAD49FE40}.Debug|ARM64.Build.0 = Debug|Any CPU
		{07F04295-975D-4CC8-BA6B-73EFAD49FE40}.Debug|x64.ActiveCfg = Debug|Any CPU
		{07F04295-975D-4CC8-BA6B-73EFAD49FE40}.Debug|x64.Build.0 = Debug|Any CPU
		{07F04295-975D-4CC8-BA6B-73EFAD49FE40}.Debug|x86.ActiveCfg = Debug|Any CPU
		{07F04295-975D-4CC8-BA6B-73EFAD49FE40}.Debug|x86.Build.0 = Debug|Any CPU
		{07F04295-975D-4CC8-BA6B-73EFAD49FE40}.Release|Any CPU.ActiveCfg = Release|Any CPU
		{07F04295-975D-4CC8-BA6B-73EFAD49FE40}.Release|Any CPU.Build.0 = Release|Any CPU
		{07F04295-975D-4CC8-BA6B-73EFAD49FE40}.Release|ARM64.ActiveCfg = Release|Any CPU
		{07F04295-975D-4CC8-BA6B-73EFAD49FE40}.Release|ARM64.Build.0 = Release|Any CPU
		{07F04295-975D-4CC8-BA6B-73EFAD49FE40}.Release|x64.ActiveCfg = Release|Any CPU
		{07F04295-975D-4CC8-BA6B-73EFAD49FE40}.Release|x64.Build.0 = Release|Any CPU
		{07F04295-975D-4CC8-BA6B-73EFAD49FE40}.Release|x86.ActiveCfg = Release|Any CPU
		{07F04295-975D-4CC8-BA6B-73EFAD49FE40}.Release|x86.Build.0 = Release|Any CPU
		{EDF8472E-5E9E-4D89-8CC2-81CEFBD2D53B}.Debug|Any CPU.ActiveCfg = Debug|x64
		{EDF8472E-5E9E-4D89-8CC2-81CEFBD2D53B}.Debug|Any CPU.Build.0 = Debug|x64
		{EDF8472E-5E9E-4D89-8CC2-81CEFBD2D53B}.Debug|Any CPU.Deploy.0 = Debug|x64
		{EDF8472E-5E9E-4D89-8CC2-81CEFBD2D53B}.Debug|ARM64.ActiveCfg = Debug|ARM64
		{EDF8472E-5E9E-4D89-8CC2-81CEFBD2D53B}.Debug|ARM64.Build.0 = Debug|ARM64
		{EDF8472E-5E9E-4D89-8CC2-81CEFBD2D53B}.Debug|ARM64.Deploy.0 = Debug|ARM64
		{EDF8472E-5E9E-4D89-8CC2-81CEFBD2D53B}.Debug|x64.ActiveCfg = Debug|x64
		{EDF8472E-5E9E-4D89-8CC2-81CEFBD2D53B}.Debug|x64.Build.0 = Debug|x64
		{EDF8472E-5E9E-4D89-8CC2-81CEFBD2D53B}.Debug|x64.Deploy.0 = Debug|x64
		{EDF8472E-5E9E-4D89-8CC2-81CEFBD2D53B}.Debug|x86.ActiveCfg = Debug|x86
		{EDF8472E-5E9E-4D89-8CC2-81CEFBD2D53B}.Debug|x86.Build.0 = Debug|x86
		{EDF8472E-5E9E-4D89-8CC2-81CEFBD2D53B}.Debug|x86.Deploy.0 = Debug|x86
		{EDF8472E-5E9E-4D89-8CC2-81CEFBD2D53B}.Release|Any CPU.ActiveCfg = Release|x64
		{EDF8472E-5E9E-4D89-8CC2-81CEFBD2D53B}.Release|Any CPU.Build.0 = Release|x64
		{EDF8472E-5E9E-4D89-8CC2-81CEFBD2D53B}.Release|Any CPU.Deploy.0 = Release|x64
		{EDF8472E-5E9E-4D89-8CC2-81CEFBD2D53B}.Release|ARM64.ActiveCfg = Release|ARM64
		{EDF8472E-5E9E-4D89-8CC2-81CEFBD2D53B}.Release|ARM64.Build.0 = Release|ARM64
		{EDF8472E-5E9E-4D89-8CC2-81CEFBD2D53B}.Release|ARM64.Deploy.0 = Release|ARM64
		{EDF8472E-5E9E-4D89-8CC2-81CEFBD2D53B}.Release|x64.ActiveCfg = Release|x64
		{EDF8472E-5E9E-4D89-8CC2-81CEFBD2D53B}.Release|x64.Build.0 = Release|x64
		{EDF8472E-5E9E-4D89-8CC2-81CEFBD2D53B}.Release|x64.Deploy.0 = Release|x64
		{EDF8472E-5E9E-4D89-8CC2-81CEFBD2D53B}.Release|x86.ActiveCfg = Release|x86
		{EDF8472E-5E9E-4D89-8CC2-81CEFBD2D53B}.Release|x86.Build.0 = Release|x86
		{EDF8472E-5E9E-4D89-8CC2-81CEFBD2D53B}.Release|x86.Deploy.0 = Release|x86
		{F6E2D4AC-272D-4227-A7E7-EE0B334925A1}.Debug|Any CPU.ActiveCfg = Debug|Any CPU
		{F6E2D4AC-272D-4227-A7E7-EE0B334925A1}.Debug|Any CPU.Build.0 = Debug|Any CPU
		{F6E2D4AC-272D-4227-A7E7-EE0B334925A1}.Debug|ARM64.ActiveCfg = Debug|Any CPU
		{F6E2D4AC-272D-4227-A7E7-EE0B334925A1}.Debug|ARM64.Build.0 = Debug|Any CPU
		{F6E2D4AC-272D-4227-A7E7-EE0B334925A1}.Debug|x64.ActiveCfg = Debug|Any CPU
		{F6E2D4AC-272D-4227-A7E7-EE0B334925A1}.Debug|x64.Build.0 = Debug|Any CPU
		{F6E2D4AC-272D-4227-A7E7-EE0B334925A1}.Debug|x86.ActiveCfg = Debug|Any CPU
		{F6E2D4AC-272D-4227-A7E7-EE0B334925A1}.Debug|x86.Build.0 = Debug|Any CPU
		{F6E2D4AC-272D-4227-A7E7-EE0B334925A1}.Release|Any CPU.ActiveCfg = Release|Any CPU
		{F6E2D4AC-272D-4227-A7E7-EE0B334925A1}.Release|Any CPU.Build.0 = Release|Any CPU
		{F6E2D4AC-272D-4227-A7E7-EE0B334925A1}.Release|ARM64.ActiveCfg = Release|Any CPU
		{F6E2D4AC-272D-4227-A7E7-EE0B334925A1}.Release|ARM64.Build.0 = Release|Any CPU
		{F6E2D4AC-272D-4227-A7E7-EE0B334925A1}.Release|x64.ActiveCfg = Release|Any CPU
		{F6E2D4AC-272D-4227-A7E7-EE0B334925A1}.Release|x64.Build.0 = Release|Any CPU
		{F6E2D4AC-272D-4227-A7E7-EE0B334925A1}.Release|x86.ActiveCfg = Release|Any CPU
		{F6E2D4AC-272D-4227-A7E7-EE0B334925A1}.Release|x86.Build.0 = Release|Any CPU
		{D65CE14D-3982-4B9F-BA88-7FC650B63833}.Debug|Any CPU.ActiveCfg = Debug|Any CPU
		{D65CE14D-3982-4B9F-BA88-7FC650B63833}.Debug|Any CPU.Build.0 = Debug|Any CPU
		{D65CE14D-3982-4B9F-BA88-7FC650B63833}.Debug|ARM64.ActiveCfg = Debug|Any CPU
		{D65CE14D-3982-4B9F-BA88-7FC650B63833}.Debug|ARM64.Build.0 = Debug|Any CPU
		{D65CE14D-3982-4B9F-BA88-7FC650B63833}.Debug|x64.ActiveCfg = Debug|Any CPU
		{D65CE14D-3982-4B9F-BA88-7FC650B63833}.Debug|x64.Build.0 = Debug|Any CPU
		{D65CE14D-3982-4B9F-BA88-7FC650B63833}.Debug|x86.ActiveCfg = Debug|Any CPU
		{D65CE14D-3982-4B9F-BA88-7FC650B63833}.Debug|x86.Build.0 = Debug|Any CPU
		{D65CE14D-3982-4B9F-BA88-7FC650B63833}.Release|Any CPU.ActiveCfg = Release|Any CPU
		{D65CE14D-3982-4B9F-BA88-7FC650B63833}.Release|Any CPU.Build.0 = Release|Any CPU
		{D65CE14D-3982-4B9F-BA88-7FC650B63833}.Release|ARM64.ActiveCfg = Release|Any CPU
		{D65CE14D-3982-4B9F-BA88-7FC650B63833}.Release|ARM64.Build.0 = Release|Any CPU
		{D65CE14D-3982-4B9F-BA88-7FC650B63833}.Release|x64.ActiveCfg = Release|Any CPU
		{D65CE14D-3982-4B9F-BA88-7FC650B63833}.Release|x64.Build.0 = Release|Any CPU
		{D65CE14D-3982-4B9F-BA88-7FC650B63833}.Release|x86.ActiveCfg = Release|Any CPU
		{D65CE14D-3982-4B9F-BA88-7FC650B63833}.Release|x86.Build.0 = Release|Any CPU
	EndGlobalSection
	GlobalSection(SolutionProperties) = preSolution
		HideSolutionNode = FALSE
	EndGlobalSection
	GlobalSection(NestedProjects) = preSolution
		{3544E882-806F-4237-8C06-8216FDCAABD5} = {8106056D-3642-4C93-8A13-4EFE0B093AA0}
		{BA45F71F-1DBE-4400-B1DD-DE5294E78349} = {EAE9742A-82CC-4341-8C09-CD621774D64B}
		{237B48C9-C9D1-442C-AAD7-1D9915686E27} = {6D06848F-89FF-4030-BEEE-3AE0EB85DC22}
		{EDB61AA4-B60C-4464-812E-7CFBDE8C588F} = {EAE9742A-82CC-4341-8C09-CD621774D64B}
		{9862CB95-AAF0-4360-A10C-B5ED92E81C4F} = {8106056D-3642-4C93-8A13-4EFE0B093AA0}
		{F5ABEF04-FB85-4C0E-8E99-B4565D977E46} = {8106056D-3642-4C93-8A13-4EFE0B093AA0}
		{145947B0-E1D3-49A0-AFAE-3CE418B0FC67} = {6D06848F-89FF-4030-BEEE-3AE0EB85DC22}
		{1F4A4C0C-C41F-449A-B47B-BF1A5ED4D7CD} = {6D06848F-89FF-4030-BEEE-3AE0EB85DC22}
		{07F04295-975D-4CC8-BA6B-73EFAD49FE40} = {6D06848F-89FF-4030-BEEE-3AE0EB85DC22}
		{EDF8472E-5E9E-4D89-8CC2-81CEFBD2D53B} = {6D06848F-89FF-4030-BEEE-3AE0EB85DC22}
		{F6E2D4AC-272D-4227-A7E7-EE0B334925A1} = {6D06848F-89FF-4030-BEEE-3AE0EB85DC22}
		{D65CE14D-3982-4B9F-BA88-7FC650B63833} = {8106056D-3642-4C93-8A13-4EFE0B093AA0}
	EndGlobalSection
	GlobalSection(ExtensibilityGlobals) = postSolution
		SolutionGuid = {50554BB2-8100-4CF3-88EE-BA311DA9594A}
	EndGlobalSection
EndGlobal
